
Microsoft Visual Studio Solution File, Format Version 12.00
# Visual Studio Version 16
VisualStudioVersion = 16.0.30907.101
MinimumVisualStudioVersion = 10.0.40219.1
Project("{FAE04EC0-301F-11D3-BF4B-00C04F79EFBC}") = "SHLAmazonChallenge", "SHLAmazonChallenge\SHLAmazonChallenge.csproj", "{815821D9-76C6-4099-9312-7D05314C9CC2}"
EndProject
Global
	GlobalSection(SolutionConfigurationPlatforms) = preSolution
		Debug|Any CPU = Debug|Any CPU
		Release|Any CPU = Release|Any CPU
	EndGlobalSection
	GlobalSection(ProjectConfigurationPlatforms) = postSolution
		{815821D9-76C6-4099-9312-7D05314C9CC2}.Debug|Any CPU.ActiveCfg = Debug|Any CPU
		{815821D9-76C6-4099-9312-7D05314C9CC2}.Debug|Any CPU.Build.0 = Debug|Any CPU
		{815821D9-76C6-4099-9312-7D05314C9CC2}.Release|Any CPU.ActiveCfg = Release|Any CPU
		{815821D9-76C6-4099-9312-7D05314C9CC2}.Release|Any CPU.Build.0 = Release|Any CPU
	EndGlobalSection
	GlobalSection(SolutionProperties) = preSolution
		HideSolutionNode = FALSE
	EndGlobalSection
	GlobalSection(ExtensibilityGlobals) = postSolution
		SolutionGuid = {7556CEF9-38DD-403A-A3CD-4A3CB7EF4C1E}
	EndGlobalSection
EndGlobal
